
Microsoft Visual Studio Solution File, Format Version 12.00
# Visual Studio Version 17
VisualStudioVersion = 17.5.33424.131
MinimumVisualStudioVersion = 10.0.40219.1
Project("{FAE04EC0-301F-11D3-BF4B-00C04F79EFBC}") = "WebApplication2", "WebApplication2\WebApplication2.csproj", "{CE9365E3-16D0-4E69-A797-5D9C8802B308}"
EndProject
Global
	GlobalSection(SolutionConfigurationPlatforms) = preSolution
		Debug|Any CPU = Debug|Any CPU
		Release|Any CPU = Release|Any CPU
	EndGlobalSection
	GlobalSection(ProjectConfigurationPlatforms) = postSolution
		{CE9365E3-16D0-4E69-A797-5D9C8802B308}.Debug|Any CPU.ActiveCfg = Debug|Any CPU
		{CE9365E3-16D0-4E69-A797-5D9C8802B308}.Debug|Any CPU.Build.0 = Debug|Any CPU
		{CE9365E3-16D0-4E69-A797-5D9C8802B308}.Release|Any CPU.ActiveCfg = Release|Any CPU
		{CE9365E3-16D0-4E69-A797-5D9C8802B308}.Release|Any CPU.Build.0 = Release|Any CPU
	EndGlobalSection
	GlobalSection(SolutionProperties) = preSolution
		HideSolutionNode = FALSE
	EndGlobalSection
	GlobalSection(ExtensibilityGlobals) = postSolution
		SolutionGuid = {26C3A170-8523-4FE3-95DC-C744577254A1}
	EndGlobalSection
EndGlobal
